# Generated by pub
# See https://dart.dev/tools/pub/glossary#lockfile
packages:
  _fe_analyzer_shared:
    dependency: transitive
    description:
      name: _fe_analyzer_shared
      sha256: da0d9209ca76bde579f2da330aeb9df62b6319c834fa7baae052021b0462401f
      url: "https://pub.dev"
    source: hosted
    version: "85.0.0"
  after_layout:
    dependency: "direct main"
    description:
      name: after_layout
      sha256: "95a1cb2ca1464f44f14769329fbf15987d20ab6c88f8fc5d359bd362be625f29"
      url: "https://pub.dev"
    source: hosted
    version: "1.2.0"
  analyzer:
    dependency: "direct dev"
    description:
      name: analyzer
      sha256: "974859dc0ff5f37bc4313244b3218c791810d03ab3470a579580279ba971a48d"
      url: "https://pub.dev"
    source: hosted
    version: "7.7.1"
  animations:
    dependency: "direct main"
    description:
      name: animations
      sha256: d3d6dcfb218225bbe68e87ccf6378bbb2e32a94900722c5f81611dad089911cb
      url: "https://pub.dev"
    source: hosted
    version: "2.0.11"
  ansicolor:
    dependency: transitive
    description:
      name: ansicolor
      sha256: "50e982d500bc863e1d703448afdbf9e5a72eb48840a4f766fa361ffd6877055f"
      url: "https://pub.dev"
    source: hosted
    version: "2.0.3"
  archive:
    dependency: transitive
    description:
      name: archive
      sha256: cb6a278ef2dbb298455e1a713bda08524a175630ec643a242c399c932a0a1f7d
      url: "https://pub.dev"
    source: hosted
    version: "3.6.1"
  args:
    dependency: transitive
    description:
      name: args
      sha256: d0481093c50b1da8910eb0bb301626d4d8eb7284aa739614d2b394ee09e3ea04
      url: "https://pub.dev"
    source: hosted
    version: "2.7.0"
  asn1lib:
    dependency: transitive
    description:
      name: asn1lib
      sha256: "0511d6be23b007e95105ae023db599aea731df604608978dada7f9faf2637623"
      url: "https://pub.dev"
    source: hosted
    version: "1.6.4"
  async:
    dependency: transitive
    description:
      name: async
      sha256: "758e6d74e971c3e5aceb4110bfd6698efc7f501675bcfe0c775459a8140750eb"
      url: "https://pub.dev"
    source: hosted
    version: "2.13.0"
  auto_route:
    dependency: "direct main"
    description:
      name: auto_route
      sha256: ecb7491a4d5fb743ffa949ed5a9cad1a0bf6183f9c6544440a1be0cb810d9e57
      url: "https://pub.dev"
    source: hosted
    version: "10.1.1"
  auto_route_generator:
    dependency: "direct dev"
    description:
      name: auto_route_generator
      sha256: ed4b65e85b4b2b00b06ef1e44c8623985c52c32d05d72147e3201257aa70a115
      url: "https://pub.dev"
    source: hosted
    version: "10.2.4"
  bloc:
    dependency: transitive
    description:
      name: bloc
      sha256: "52c10575f4445c61dd9e0cafcc6356fdd827c4c64dd7945ef3c4105f6b6ac189"
      url: "https://pub.dev"
    source: hosted
    version: "9.0.0"
  boolean_selector:
    dependency: transitive
    description:
      name: boolean_selector
      sha256: "8aab1771e1243a5063b8b0ff68042d67334e3feab9e95b9490f9a6ebf73b42ea"
      url: "https://pub.dev"
    source: hosted
    version: "2.1.2"
  build:
    dependency: transitive
    description:
      name: build
      sha256: "6439a9c71a4e6eca8d9490c1b380a25b02675aa688137dfbe66d2062884a23ac"
      url: "https://pub.dev"
    source: hosted
    version: "3.0.2"
  build_config:
    dependency: transitive
    description:
      name: build_config
      sha256: "4f64382b97504dc2fcdf487d5aae33418e08b4703fc21249e4db6d804a4d0187"
      url: "https://pub.dev"
    source: hosted
    version: "1.2.0"
  build_daemon:
    dependency: transitive
    description:
      name: build_daemon
      sha256: "79b2aef6ac2ed00046867ed354c88778c9c0f029df8a20fe10b5436826721ef9"
      url: "https://pub.dev"
    source: hosted
    version: "4.0.2"
  build_resolvers:
    dependency: transitive
    description:
      name: build_resolvers
      sha256: "2b21a125d66a86b9511cc3fb6c668c42e9a1185083922bf60e46d483a81a9712"
      url: "https://pub.dev"
    source: hosted
    version: "3.0.2"
  build_runner:
    dependency: "direct dev"
    description:
      name: build_runner
      sha256: fd3c09f4bbff7fa6e8d8ef688a0b2e8a6384e6483a25af0dac75fef362bcfe6f
      url: "https://pub.dev"
    source: hosted
    version: "2.7.0"
  build_runner_core:
    dependency: transitive
    description:
      name: build_runner_core
      sha256: ab27e46c8aa233e610cf6084ee6d8a22c6f873a0a9929241d8855b7a72978ae7
      url: "https://pub.dev"
    source: hosted
    version: "9.3.0"
  built_collection:
    dependency: transitive
    description:
      name: built_collection
      sha256: "376e3dd27b51ea877c28d525560790aee2e6fbb5f20e2f85d5081027d94e2100"
      url: "https://pub.dev"
    source: hosted
    version: "5.1.1"
  built_value:
    dependency: transitive
    description:
      name: built_value
      sha256: ba95c961bafcd8686d1cf63be864eb59447e795e124d98d6a27d91fcd13602fb
      url: "https://pub.dev"
    source: hosted
    version: "8.11.1"
  characters:
    dependency: transitive
    description:
      name: characters
      sha256: f71061c654a3380576a52b451dd5532377954cf9dbd272a78fc8479606670803
      url: "https://pub.dev"
    source: hosted
    version: "1.4.0"
  charcode:
    dependency: transitive
    description:
      name: charcode
      sha256: fb0f1107cac15a5ea6ef0a6ef71a807b9e4267c713bb93e00e92d737cc8dbd8a
      url: "https://pub.dev"
    source: hosted
    version: "1.4.0"
  checked_yaml:
    dependency: transitive
    description:
      name: checked_yaml
      sha256: feb6bed21949061731a7a75fc5d2aa727cf160b91af9a3e464c5e3a32e28b5ff
      url: "https://pub.dev"
    source: hosted
    version: "2.0.3"
  cli_config:
    dependency: transitive
    description:
      name: cli_config
      sha256: ac20a183a07002b700f0c25e61b7ee46b23c309d76ab7b7640a028f18e4d99ec
      url: "https://pub.dev"
    source: hosted
    version: "0.2.0"
  cli_util:
    dependency: transitive
    description:
      name: cli_util
      sha256: c05b7406fdabc7a49a3929d4af76bcaccbbffcbcdcf185b082e1ae07da323d19
      url: "https://pub.dev"
    source: hosted
    version: "0.4.1"
  clock:
    dependency: transitive
    description:
      name: clock
      sha256: fddb70d9b5277016c77a80201021d40a2247104d9f4aa7bab7157b7e3f05b84b
      url: "https://pub.dev"
    source: hosted
    version: "1.1.2"
  code_builder:
    dependency: transitive
    description:
      name: code_builder
      sha256: "0ec10bf4a89e4c613960bf1e8b42c64127021740fb21640c29c909826a5eea3e"
      url: "https://pub.dev"
    source: hosted
    version: "4.10.1"
  collection:
    dependency: transitive
    description:
      name: collection
      sha256: "2f5709ae4d3d59dd8f7cd309b4e023046b57d8a6c82130785d2b0e5868084e76"
      url: "https://pub.dev"
    source: hosted
    version: "1.19.1"
  convert:
    dependency: transitive
    description:
      name: convert
      sha256: "0f08b14755d163f6e2134cb58222dd25ea2a2ee8a195e53983d57c075324d592"
      url: "https://pub.dev"
    source: hosted
    version: "3.1.1"
  copy_with_extension:
    dependency: transitive
    description:
      name: copy_with_extension
      sha256: "0447e5ea09845b275fbeaa7605bc85e74da759788678760b2a6c4e06ca622410"
      url: "https://pub.dev"
    source: hosted
    version: "6.0.1"
  coverage:
    dependency: transitive
    description:
      name: coverage
      sha256: "5da775aa218eaf2151c721b16c01c7676fbfdd99cebba2bf64e8b807a28ff94d"
      url: "https://pub.dev"
    source: hosted
    version: "1.15.0"
  crypto:
    dependency: transitive
    description:
      name: crypto
      sha256: ec30d999af904f33454ba22ed9a86162b35e52b44ac4807d1d93c288041d7d27
      url: "https://pub.dev"
    source: hosted
    version: "3.0.5"
  crypto_keys_plus:
    dependency: transitive
    description:
      name: crypto_keys_plus
      sha256: a64dc8b3555e730aa183067fbb666efd9996bc2d0cfda4517c77607d9e2adf91
      url: "https://pub.dev"
    source: hosted
    version: "0.5.0"
  csslib:
    dependency: transitive
    description:
      name: csslib
      sha256: "09bad715f418841f976c77db72d5398dc1253c21fb9c0c7f0b0b985860b2d58e"
      url: "https://pub.dev"
    source: hosted
    version: "1.0.2"
  dart_earcut:
    dependency: transitive
    description:
      name: dart_earcut
      sha256: "41b493147e30a051efb2da1e3acb7f38fe0db60afba24ac1ea5684cee272721e"
      url: "https://pub.dev"
    source: hosted
    version: "1.1.0"
  dart_polylabel2:
    dependency: transitive
    description:
      name: dart_polylabel2
      sha256: "7eeab15ce72894e4bdba6a8765712231fc81be0bd95247de4ad9966abc57adc6"
      url: "https://pub.dev"
    source: hosted
    version: "1.0.0"
  dart_style:
    dependency: transitive
    description:
      name: dart_style
      sha256: "27eb0ae77836989a3bc541ce55595e8ceee0992807f14511552a898ddd0d88ac"
      url: "https://pub.dev"
    source: hosted
    version: "3.0.1"
  dynamic_color:
    dependency: "direct main"
    description:
      name: dynamic_color
      sha256: "43a5a6679649a7731ab860334a5812f2067c2d9ce6452cf069c5e0c25336c17c"
      url: "https://pub.dev"
    source: hosted
    version: "1.8.1"
  easy_debounce:
    dependency: "direct main"
    description:
      name: easy_debounce
      sha256: f082609cfb8f37defb9e37fc28bc978c6712dedf08d4c5a26f820fa10165a236
      url: "https://pub.dev"
    source: hosted
    version: "2.0.3"
  equatable:
    dependency: transitive
    description:
      name: equatable
      sha256: "567c64b3cb4cf82397aac55f4f0cbd3ca20d77c6c03bedbc4ceaddc08904aef7"
      url: "https://pub.dev"
    source: hosted
    version: "2.0.7"
  fake_async:
    dependency: transitive
    description:
      name: fake_async
      sha256: "5368f224a74523e8d2e7399ea1638b37aecfca824a3cc4dfdf77bf1fa905ac44"
      url: "https://pub.dev"
    source: hosted
    version: "1.3.3"
  ffi:
    dependency: transitive
    description:
      name: ffi
      sha256: "16ed7b077ef01ad6170a3d0c57caa4a112a38d7a2ed5602e0aca9ca6f3d98da6"
      url: "https://pub.dev"
    source: hosted
    version: "2.1.3"
  file:
    dependency: transitive
    description:
      name: file
      sha256: "5fc22d7c25582e38ad9a8515372cd9a93834027aacf1801cf01164dac0ffa08c"
      url: "https://pub.dev"
    source: hosted
    version: "7.0.0"
  fixnum:
    dependency: transitive
    description:
      name: fixnum
      sha256: "25517a4deb0c03aa0f32fd12db525856438902d9c16536311e76cdc57b31d7d1"
      url: "https://pub.dev"
    source: hosted
    version: "1.1.0"
  fl_chart:
    dependency: "direct main"
    description:
      name: fl_chart
      sha256: "577aeac8ca414c25333334d7c4bb246775234c0e44b38b10a82b559dd4d764e7"
      url: "https://pub.dev"
    source: hosted
    version: "1.0.0"
  flutter:
    dependency: "direct main"
    description: flutter
    source: sdk
    version: "0.0.0"
  flutter_animate:
    dependency: "direct main"
    description:
      name: flutter_animate
      sha256: "7befe2d3252728afb77aecaaea1dec88a89d35b9b1d2eea6d04479e8af9117b5"
      url: "https://pub.dev"
    source: hosted
    version: "4.5.2"
  flutter_appauth:
    dependency: transitive
    description:
      name: flutter_appauth
      sha256: "61cc577797bbc66dce7f9d09b469a2755f06393d19473605e236bf2c58008957"
      url: "https://pub.dev"
    source: hosted
    version: "9.0.0"
  flutter_appauth_platform_interface:
    dependency: transitive
    description:
      name: flutter_appauth_platform_interface
      sha256: fd2920b853d09741aff2e1178e044ea2ade0c87799cd8e63f094ab35b00fdf70
      url: "https://pub.dev"
    source: hosted
    version: "9.0.0"
  flutter_bloc:
    dependency: "direct main"
    description:
      name: flutter_bloc
      sha256: cf51747952201a455a1c840f8171d273be009b932c75093020f9af64f2123e38
      url: "https://pub.dev"
    source: hosted
    version: "9.1.1"
  flutter_fadein:
    dependency: "direct main"
    description:
      name: flutter_fadein
      sha256: ab6830acf1d09087e069c363fd063a625b2ebeb5153b74fa15b1bce108c212e4
      url: "https://pub.dev"
    source: hosted
    version: "2.0.0"
  flutter_launcher_icons:
    dependency: "direct dev"
    description:
      name: flutter_launcher_icons
      sha256: "10f13781741a2e3972126fae08393d3c4e01fa4cd7473326b94b72cf594195e7"
      url: "https://pub.dev"
    source: hosted
    version: "0.14.4"
  flutter_lints:
    dependency: "direct dev"
    description:
      name: flutter_lints
      sha256: "3105dc8492f6183fb076ccf1f351ac3d60564bff92e20bfc4af9cc1651f4e7e1"
      url: "https://pub.dev"
    source: hosted
    version: "6.0.0"
  flutter_localizations:
    dependency: transitive
    description: flutter
    source: sdk
    version: "0.0.0"
  flutter_map:
    dependency: "direct main"
    description:
      name: flutter_map
      sha256: "17705e5d48f2c6031a7f57157252ac2fb6f5797ef55ca653aebb5a3f7db4499b"
      url: "https://pub.dev"
    source: hosted
    version: "8.2.0"
  flutter_secure_storage:
    dependency: transitive
    description:
      name: flutter_secure_storage
      sha256: "9cad52d75ebc511adfae3d447d5d13da15a55a92c9410e50f67335b6d21d16ea"
      url: "https://pub.dev"
    source: hosted
    version: "9.2.4"
  flutter_secure_storage_linux:
    dependency: transitive
    description:
      name: flutter_secure_storage_linux
      sha256: be76c1d24a97d0b98f8b54bce6b481a380a6590df992d0098f868ad54dc8f688
      url: "https://pub.dev"
    source: hosted
    version: "1.2.3"
  flutter_secure_storage_macos:
    dependency: transitive
    description:
      name: flutter_secure_storage_macos
      sha256: "6c0a2795a2d1de26ae202a0d78527d163f4acbb11cde4c75c670f3a0fc064247"
      url: "https://pub.dev"
    source: hosted
    version: "3.1.3"
  flutter_secure_storage_platform_interface:
    dependency: transitive
    description:
      name: flutter_secure_storage_platform_interface
      sha256: cf91ad32ce5adef6fba4d736a542baca9daf3beac4db2d04be350b87f69ac4a8
      url: "https://pub.dev"
    source: hosted
    version: "1.1.2"
  flutter_secure_storage_web:
    dependency: transitive
    description:
      name: flutter_secure_storage_web
      sha256: f4ebff989b4f07b2656fb16b47852c0aab9fed9b4ec1c70103368337bc1886a9
      url: "https://pub.dev"
    source: hosted
    version: "1.2.1"
  flutter_secure_storage_windows:
    dependency: transitive
    description:
      name: flutter_secure_storage_windows
      sha256: b20b07cb5ed4ed74fc567b78a72936203f587eba460af1df11281c9326cd3709
      url: "https://pub.dev"
    source: hosted
    version: "3.1.2"
  flutter_settings_ui:
    dependency: "direct main"
    description:
      name: flutter_settings_ui
      sha256: dcc506fab724192594e5c232b6214a941abd6e7b5151626635b89258fadbc17c
      url: "https://pub.dev"
    source: hosted
    version: "3.0.1"
  flutter_shaders:
    dependency: transitive
    description:
      name: flutter_shaders
      sha256: "34794acadd8275d971e02df03afee3dee0f98dbfb8c4837082ad0034f612a3e2"
      url: "https://pub.dev"
    source: hosted
    version: "0.1.3"
  flutter_svg:
    dependency: "direct main"
    description:
      name: flutter_svg
      sha256: cd57f7969b4679317c17af6fd16ee233c1e60a82ed209d8a475c54fd6fd6f845
      url: "https://pub.dev"
    source: hosted
    version: "2.2.0"
  flutter_test:
    dependency: "direct dev"
    description: flutter
    source: sdk
    version: "0.0.0"
  flutter_web_plugins:
    dependency: transitive
    description: flutter
    source: sdk
    version: "0.0.0"
  freezed:
    dependency: "direct dev"
    description:
      name: freezed
      sha256: da32f8ba8cfcd4ec71d9decc8cbf28bd2c31b5283d9887eb51eb4a0659d8110c
      url: "https://pub.dev"
    source: hosted
    version: "3.2.0"
  freezed_annotation:
    dependency: "direct main"
    description:
      name: freezed_annotation
      sha256: "7294967ff0a6d98638e7acb774aac3af2550777accd8149c90af5b014e6d44d8"
      url: "https://pub.dev"
    source: hosted
    version: "3.1.0"
  frontend_server_client:
    dependency: transitive
    description:
      name: frontend_server_client
      sha256: f64a0333a82f30b0cca061bc3d143813a486dc086b574bfb233b7c1372427694
      url: "https://pub.dev"
    source: hosted
    version: "4.0.0"
  gap:
    dependency: "direct main"
    description:
      name: gap
      sha256: f19387d4e32f849394758b91377f9153a1b41d79513ef7668c088c77dbc6955d
      url: "https://pub.dev"
    source: hosted
    version: "3.0.1"
  get_it:
    dependency: "direct main"
    description:
      name: get_it
      sha256: a4292e7cf67193f8e7c1258203104eb2a51ec8b3a04baa14695f4064c144297b
      url: "https://pub.dev"
    source: hosted
    version: "8.2.0"
  glob:
    dependency: transitive
    description:
      name: glob
      sha256: c3f1ee72c96f8f78935e18aa8cecced9ab132419e8625dc187e1c2408efc20de
      url: "https://pub.dev"
    source: hosted
    version: "2.1.3"
  graphs:
    dependency: transitive
    description:
      name: graphs
      sha256: "741bbf84165310a68ff28fe9e727332eef1407342fca52759cb21ad8177bb8d0"
      url: "https://pub.dev"
    source: hosted
    version: "2.3.2"
  hotreloader:
    dependency: transitive
    description:
      name: hotreloader
      sha256: bc167a1163807b03bada490bfe2df25b0d744df359227880220a5cbd04e5734b
      url: "https://pub.dev"
    source: hosted
    version: "4.3.0"
  html:
    dependency: transitive
    description:
      name: html
      sha256: "6d1264f2dffa1b1101c25a91dff0dc2daee4c18e87cd8538729773c073dbf602"
      url: "https://pub.dev"
    source: hosted
    version: "0.15.6"
  http:
    dependency: "direct main"
    description:
      name: http
      sha256: bb2ce4590bc2667c96f318d68cac1b5a7987ec819351d32b1c987239a815e007
      url: "https://pub.dev"
    source: hosted
    version: "1.5.0"
  http_multi_server:
    dependency: transitive
    description:
      name: http_multi_server
      sha256: "97486f20f9c2f7be8f514851703d0119c3596d14ea63227af6f7a481ef2b2f8b"
      url: "https://pub.dev"
    source: hosted
    version: "3.2.1"
  http_parser:
    dependency: transitive
    description:
      name: http_parser
      sha256: "178d74305e7866013777bab2c3d8726205dc5a4dd935297175b19a23a2e66571"
      url: "https://pub.dev"
    source: hosted
    version: "4.1.2"
  image:
    dependency: transitive
    description:
      name: image
      sha256: "2237616a36c0d69aef7549ab439b833fb7f9fb9fc861af2cc9ac3eedddd69ca8"
      url: "https://pub.dev"
    source: hosted
    version: "4.2.0"
  intl:
    dependency: "direct main"
    description:
      name: intl
      sha256: "3df61194eb431efc39c4ceba583b95633a403f46c9fd341e550ce0bfa50e9aa5"
      url: "https://pub.dev"
    source: hosted
    version: "0.20.2"
  io:
    dependency: transitive
    description:
      name: io
      sha256: "2ec25704aba361659e10e3e5f5d672068d332fc8ac516421d483a11e5cbd061e"
      url: "https://pub.dev"
    source: hosted
    version: "1.0.4"
  jose_plus:
    dependency: transitive
    description:
      name: jose_plus
      sha256: c262694c2f8e74825a70d0b7339c24a285fd8856f9b35b0848aa23fa1d26e724
      url: "https://pub.dev"
    source: hosted
    version: "0.4.7"
  js:
    dependency: transitive
    description:
      name: js
      sha256: f2c445dce49627136094980615a031419f7f3eb393237e4ecd97ac15dea343f3
      url: "https://pub.dev"
    source: hosted
    version: "0.6.7"
  json_annotation:
    dependency: "direct main"
    description:
      name: json_annotation
      sha256: "1ce844379ca14835a50d2f019a3099f419082cfdd231cd86a142af94dd5c6bb1"
      url: "https://pub.dev"
    source: hosted
    version: "4.9.0"
  json_serializable:
    dependency: "direct dev"
    description:
      name: json_serializable
      sha256: ce2cf974ccdee13be2a510832d7fba0b94b364e0b0395dee42abaa51b855be27
      url: "https://pub.dev"
    source: hosted
    version: "6.10.0"
  jwt_decoder:
    dependency: "direct main"
    description:
      name: jwt_decoder
      sha256: "54774aebf83f2923b99e6416b4ea915d47af3bde56884eb622de85feabbc559f"
      url: "https://pub.dev"
    source: hosted
    version: "2.0.1"
  latlong2:
    dependency: "direct main"
    description:
      name: latlong2
      sha256: "98227922caf49e6056f91b6c56945ea1c7b166f28ffcd5fb8e72fc0b453cc8fe"
      url: "https://pub.dev"
    source: hosted
    version: "0.9.1"
  leak_tracker:
    dependency: transitive
    description:
      name: leak_tracker
      sha256: "8dcda04c3fc16c14f48a7bb586d4be1f0d1572731b6d81d51772ef47c02081e0"
      url: "https://pub.dev"
    source: hosted
    version: "11.0.1"
  leak_tracker_flutter_testing:
    dependency: transitive
    description:
      name: leak_tracker_flutter_testing
      sha256: "1dbc140bb5a23c75ea9c4811222756104fbcd1a27173f0c34ca01e16bea473c1"
      url: "https://pub.dev"
    source: hosted
    version: "3.0.10"
  leak_tracker_testing:
    dependency: transitive
    description:
      name: leak_tracker_testing
      sha256: "8d5a2d49f4a66b49744b23b018848400d23e54caf9463f4eb20df3eb8acb2eb1"
      url: "https://pub.dev"
    source: hosted
    version: "3.0.2"
  lean_builder:
    dependency: transitive
    description:
      name: lean_builder
      sha256: "3d3a04c9dda8ced6b2a48d23aaf98ef5aa32f68f9c62da1b6c6d45bf03aa8164"
      url: "https://pub.dev"
    source: hosted
    version: "0.1.1"
  lints:
    dependency: transitive
    description:
      name: lints
      sha256: a5e2b223cb7c9c8efdc663ef484fdd95bb243bff242ef5b13e26883547fce9a0
      url: "https://pub.dev"
    source: hosted
    version: "6.0.0"
  lists:
    dependency: transitive
    description:
      name: lists
      sha256: "4ca5c19ae4350de036a7e996cdd1ee39c93ac0a2b840f4915459b7d0a7d4ab27"
      url: "https://pub.dev"
    source: hosted
    version: "1.0.1"
  location:
    dependency: "direct main"
    description:
      name: location
      sha256: c2c4304071ec860525d5c50d142410072f8620c1d9f74874811af2e804e1a9c8
      url: "https://pub.dev"
    source: hosted
    version: "8.0.0"
  location_platform_interface:
    dependency: transitive
    description:
      name: location_platform_interface
      sha256: a3404ea6d74e89b121630be62ed8edcc7b39fd108bd19805d0ae55c397135dd7
      url: "https://pub.dev"
    source: hosted
    version: "6.0.0"
  location_web:
    dependency: transitive
    description:
      name: location_web
      sha256: "744bdff53dc455a2dc9a34474c49cde364d4fbef2aee009f8b0b4b68570c27a1"
      url: "https://pub.dev"
    source: hosted
    version: "6.0.0"
  logger:
    dependency: transitive
    description:
      name: logger
      sha256: "697d067c60c20999686a0add96cf6aba723b3aa1f83ecf806a8097231529ec32"
      url: "https://pub.dev"
    source: hosted
    version: "2.4.0"
  logging:
    dependency: "direct main"
    description:
      name: logging
      sha256: c8245ada5f1717ed44271ed1c26b8ce85ca3228fd2ffdb75468ab01979309d61
      url: "https://pub.dev"
    source: hosted
    version: "1.3.0"
  matcher:
    dependency: transitive
    description:
      name: matcher
      sha256: dc58c723c3c24bf8d3e2d3ad3f2f9d7bd9cf43ec6feaa64181775e60190153f2
      url: "https://pub.dev"
    source: hosted
    version: "0.12.17"
  material_color_utilities:
    dependency: transitive
    description:
      name: material_color_utilities
      sha256: f7142bb1154231d7ea5f96bc7bde4bda2a0945d2806bb11670e30b850d56bdec
      url: "https://pub.dev"
    source: hosted
    version: "0.11.1"
  material_loading_indicator:
    dependency: "direct main"
    description:
      name: material_loading_indicator
      sha256: "432508986e0efa6bf7de48221a0433a57b0e2ad3d927f6b1f2a6d20500676a3e"
      url: "https://pub.dev"
    source: hosted
    version: "1.0.0"
  material_new_shapes:
    dependency: transitive
    description:
      name: material_new_shapes
      sha256: e4bc375205e187e8fb232573387112dd8c0dd45b03af8aa2b3c79eb4b9e3e0dc
      url: "https://pub.dev"
    source: hosted
    version: "1.0.0"
  meta:
    dependency: transitive
    description:
      name: meta
      sha256: e3641ec5d63ebf0d9b41bd43201a66e3fc79a65db5f61fc181f04cd27aab950c
      url: "https://pub.dev"
    source: hosted
    version: "1.16.0"
  mgrs_dart:
    dependency: transitive
    description:
      name: mgrs_dart
      sha256: fb89ae62f05fa0bb90f70c31fc870bcbcfd516c843fb554452ab3396f78586f7
      url: "https://pub.dev"
    source: hosted
    version: "2.0.0"
  mime:
    dependency: transitive
    description:
      name: mime
      sha256: "801fd0b26f14a4a58ccb09d5892c3fbdeff209594300a542492cf13fba9d247a"
      url: "https://pub.dev"
    source: hosted
    version: "1.0.6"
  month_year_picker:
    dependency: "direct main"
    description:
      name: month_year_picker
      sha256: "0990a698061ce4f421ba4f2163895dae5ea88a2f2ff09294f0d77d7c9e6c0491"
      url: "https://pub.dev"
    source: hosted
    version: "0.5.0+1"
  nested:
    dependency: transitive
    description:
      name: nested
      sha256: "03bac4c528c64c95c722ec99280375a6f2fc708eec17c7b3f07253b626cd2a20"
      url: "https://pub.dev"
    source: hosted
    version: "1.0.0"
  node_preamble:
    dependency: transitive
    description:
      name: node_preamble
      sha256: "6e7eac89047ab8a8d26cf16127b5ed26de65209847630400f9aefd7cd5c730db"
      url: "https://pub.dev"
    source: hosted
    version: "2.0.2"
  nonce:
    dependency: transitive
    description:
      name: nonce
      sha256: bd279f698c9f641a64375a17040bd899061e46bdb9aa65bf846838bd3b8b437f
      url: "https://pub.dev"
    source: hosted
    version: "1.2.0"
  oidc:
    dependency: "direct main"
    description:
      name: oidc
      sha256: "4ae699ec07966845cb397dd593583669281d992cebf9972fcffc306f4ddbf7d2"
      url: "https://pub.dev"
    source: hosted
    version: "0.12.1+2"
  oidc_android:
    dependency: transitive
    description:
      name: oidc_android
      sha256: "7888bf47a879e69edce5185a15a6ac34d2b3bda03c91ed8f16abbdaa2d6fa6c9"
      url: "https://pub.dev"
    source: hosted
    version: "0.7.0+5"
  oidc_core:
    dependency: transitive
    description:
      name: oidc_core
      sha256: bde0b0bfa2a4721b72ee1eab6c76891ee68aee31cdd0d97f8a108e5abfaf2a96
      url: "https://pub.dev"
    source: hosted
    version: "0.14.2+1"
  oidc_default_store:
    dependency: "direct main"
    description:
      name: oidc_default_store
      sha256: b522f6970e49aae4aa21bf6232000a760f143d2a998455f9caaffb251cdc9cff
      url: "https://pub.dev"
    source: hosted
    version: "0.4.0+3"
  oidc_desktop:
    dependency: transitive
    description:
      name: oidc_desktop
      sha256: "921ea658799c41fb1b46238bc3dd1b908ae7298937c643221806a88aad403893"
      url: "https://pub.dev"
    source: hosted
    version: "0.6.1+2"
  oidc_flutter_appauth:
    dependency: transitive
    description:
      name: oidc_flutter_appauth
      sha256: "7e3d73fa480bfc3a8a5186cfbfcaf7ea68e8764603bddd2e40125938f17f4e28"
      url: "https://pub.dev"
    source: hosted
    version: "0.6.0+5"
  oidc_ios:
    dependency: transitive
    description:
      name: oidc_ios
      sha256: "50e5255276bfb200354ddc99c8e69ddf972b161ae8f35d8eb8ce5b9fe773559b"
      url: "https://pub.dev"
    source: hosted
    version: "0.7.0+5"
  oidc_linux:
    dependency: transitive
    description:
      name: oidc_linux
      sha256: cb7fa8da9ea5d107271aba08f362c69e6b8cb4a66778aca3e44aa0470b6fa3aa
      url: "https://pub.dev"
    source: hosted
    version: "0.4.1+2"
  oidc_loopback_listener:
    dependency: transitive
    description:
      name: oidc_loopback_listener
      sha256: a198a11dab1d800a6f6818c155dd808ee3e6d44534a28d793eafca9a7fcc8b87
      url: "https://pub.dev"
    source: hosted
    version: "0.2.0+1"
  oidc_macos:
    dependency: transitive
    description:
      name: oidc_macos
      sha256: fd11487e4a2a6c4bd914e3fb72038b94905c57493f48326ba9e1123d480bb240
      url: "https://pub.dev"
    source: hosted
    version: "0.7.0+5"
  oidc_platform_interface:
    dependency: transitive
    description:
      name: oidc_platform_interface
      sha256: "6bbf02dde677326242795da24a67960435b3457335e16fc712d45da9342b226a"
      url: "https://pub.dev"
    source: hosted
    version: "0.6.0+9"
  oidc_web:
    dependency: transitive
    description:
      name: oidc_web
      sha256: "76b6905b5614bdb169e7554e4799e80be83d7e9c213146c328238a8c1cc6f4f0"
      url: "https://pub.dev"
    source: hosted
    version: "0.6.0+9"
  oidc_web_core:
    dependency: transitive
    description:
      name: oidc_web_core
      sha256: "05b11538a384cc5891de44a98a50e38202aa3514f204b4261bd5621732838291"
      url: "https://pub.dev"
    source: hosted
    version: "0.3.1+3"
  oidc_windows:
    dependency: transitive
    description:
      name: oidc_windows
      sha256: "2947212de3bf4cc9f191531c049b602fff9cd57e1a8b61b20f7316b98ab01f56"
      url: "https://pub.dev"
    source: hosted
    version: "0.3.1+14"
  package_config:
    dependency: transitive
    description:
      name: package_config
      sha256: f096c55ebb7deb7e384101542bfba8c52696c1b56fca2eb62827989ef2353bbc
      url: "https://pub.dev"
    source: hosted
    version: "2.2.0"
  package_info_plus:
    dependency: "direct main"
    description:
      name: package_info_plus
      sha256: "16eee997588c60225bda0488b6dcfac69280a6b7a3cf02c741895dd370a02968"
      url: "https://pub.dev"
    source: hosted
    version: "8.3.1"
  package_info_plus_platform_interface:
    dependency: transitive
    description:
      name: package_info_plus_platform_interface
      sha256: "202a487f08836a592a6bd4f901ac69b3a8f146af552bbd14407b6b41e1c3f086"
      url: "https://pub.dev"
    source: hosted
    version: "3.2.1"
  path:
    dependency: transitive
    description:
      name: path
      sha256: "75cca69d1490965be98c73ceaea117e8a04dd21217b37b292c9ddbec0d955bc5"
      url: "https://pub.dev"
    source: hosted
    version: "1.9.1"
  path_parsing:
    dependency: transitive
    description:
      name: path_parsing
      sha256: e3e67b1629e6f7e8100b367d3db6ba6af4b1f0bb80f64db18ef1fbabd2fa9ccf
      url: "https://pub.dev"
    source: hosted
    version: "1.0.1"
  path_provider:
    dependency: transitive
    description:
      name: path_provider
      sha256: "50c5dd5b6e1aaf6fb3a78b33f6aa3afca52bf903a8a5298f53101fdaee55bbcd"
      url: "https://pub.dev"
    source: hosted
    version: "2.1.5"
  path_provider_android:
    dependency: transitive
    description:
      name: path_provider_android
      sha256: d0d310befe2c8ab9e7f393288ccbb11b60c019c6b5afc21973eeee4dda2b35e9
      url: "https://pub.dev"
    source: hosted
    version: "2.2.17"
  path_provider_foundation:
    dependency: transitive
    description:
      name: path_provider_foundation
      sha256: "4843174df4d288f5e29185bd6e72a6fbdf5a4a4602717eed565497429f179942"
      url: "https://pub.dev"
    source: hosted
    version: "2.4.1"
  path_provider_linux:
    dependency: transitive
    description:
      name: path_provider_linux
      sha256: f7a1fe3a634fe7734c8d3f2766ad746ae2a2884abe22e241a8b301bf5cac3279
      url: "https://pub.dev"
    source: hosted
    version: "2.2.1"
  path_provider_platform_interface:
    dependency: transitive
    description:
      name: path_provider_platform_interface
      sha256: "88f5779f72ba699763fa3a3b06aa4bf6de76c8e5de842cf6f29e2e06476c2334"
      url: "https://pub.dev"
    source: hosted
    version: "2.1.2"
  path_provider_windows:
    dependency: transitive
    description:
      name: path_provider_windows
      sha256: bd6f00dbd873bfb70d0761682da2b3a2c2fccc2b9e84c495821639601d81afe7
      url: "https://pub.dev"
    source: hosted
    version: "2.3.0"
  petitparser:
    dependency: transitive
    description:
      name: petitparser
      sha256: c15605cd28af66339f8eb6fbe0e541bfe2d1b72d5825efc6598f3e0a31b9ad27
      url: "https://pub.dev"
    source: hosted
    version: "6.0.2"
  pigment:
    dependency: transitive
    description:
      name: pigment
      sha256: b8c56059e21ecb9379a304c78a4f20e399d41e54384a7f64de21103b4b5c38dd
      url: "https://pub.dev"
    source: hosted
    version: "1.0.4"
  platform:
    dependency: transitive
    description:
      name: platform
      sha256: "9b71283fc13df574056616011fb138fd3b793ea47cc509c189a6c3fa5f8a1a65"
      url: "https://pub.dev"
    source: hosted
    version: "3.1.5"
  plugin_platform_interface:
    dependency: transitive
    description:
      name: plugin_platform_interface
      sha256: "4820fbfdb9478b1ebae27888254d445073732dae3d6ea81f0b7e06d5dedc3f02"
      url: "https://pub.dev"
    source: hosted
    version: "2.1.8"
  pointycastle:
    dependency: transitive
    description:
      name: pointycastle
      sha256: "92aa3841d083cc4b0f4709b5c74fd6409a3e6ba833ffc7dc6a8fee096366acf5"
      url: "https://pub.dev"
    source: hosted
    version: "4.0.0"
  pool:
    dependency: transitive
    description:
      name: pool
      sha256: "20fe868b6314b322ea036ba325e6fc0711a22948856475e2c2b6306e8ab39c2a"
      url: "https://pub.dev"
    source: hosted
    version: "1.5.1"
  proj4dart:
    dependency: transitive
    description:
      name: proj4dart
      sha256: c8a659ac9b6864aa47c171e78d41bbe6f5e1d7bd790a5814249e6b68bc44324e
      url: "https://pub.dev"
    source: hosted
    version: "2.1.0"
  provider:
    dependency: transitive
    description:
      name: provider
      sha256: c8a055ee5ce3fd98d6fc872478b03823ffdb448699c6ebdbbc71d59b596fd48c
      url: "https://pub.dev"
    source: hosted
    version: "6.1.2"
  pub_semver:
    dependency: transitive
    description:
      name: pub_semver
      sha256: "5bfcf68ca79ef689f8990d1160781b4bad40a3bd5e5218ad4076ddb7f4081585"
      url: "https://pub.dev"
    source: hosted
    version: "2.2.0"
  pubspec:
    dependency: transitive
    description:
      name: pubspec
      sha256: f534a50a2b4d48dc3bc0ec147c8bd7c304280fff23b153f3f11803c4d49d927e
      url: "https://pub.dev"
    source: hosted
    version: "2.3.0"
  pubspec_dependency_sorter:
    dependency: "direct dev"
    description:
      name: pubspec_dependency_sorter
      sha256: d2114e92f003195de74a9ed3aeb9c59425ae9b7d637b802bb225b3fe3a4ba605
      url: "https://pub.dev"
    source: hosted
    version: "1.0.5"
  pubspec_parse:
    dependency: transitive
    description:
      name: pubspec_parse
      sha256: c799b721d79eb6ee6fa56f00c04b472dcd44a30d258fac2174a6ec57302678f8
      url: "https://pub.dev"
    source: hosted
    version: "1.3.0"
  quiver:
    dependency: transitive
    description:
      name: quiver
      sha256: ea0b925899e64ecdfbf9c7becb60d5b50e706ade44a85b2363be2a22d88117d2
      url: "https://pub.dev"
    source: hosted
    version: "3.2.2"
  random_string:
    dependency: "direct main"
    description:
      name: random_string
      sha256: "03b52435aae8cbdd1056cf91bfc5bf845e9706724dd35ae2e99fa14a1ef79d02"
      url: "https://pub.dev"
    source: hosted
    version: "2.3.1"
  retry:
    dependency: transitive
    description:
      name: retry
      sha256: "822e118d5b3aafed083109c72d5f484c6dc66707885e07c0fbcb8b986bba7efc"
      url: "https://pub.dev"
    source: hosted
    version: "3.1.2"
  rxdart:
    dependency: transitive
    description:
      name: rxdart
      sha256: "5c3004a4a8dbb94bd4bf5412a4def4acdaa12e12f269737a5751369e12d1a962"
      url: "https://pub.dev"
    source: hosted
    version: "0.28.0"
  shared_preferences:
    dependency: "direct main"
    description:
      name: shared_preferences
      sha256: "6e8bf70b7fef813df4e9a36f658ac46d107db4b4cfe1048b477d4e453a8159f5"
      url: "https://pub.dev"
    source: hosted
    version: "2.5.3"
  shared_preferences_android:
    dependency: transitive
    description:
      name: shared_preferences_android
      sha256: "02a7d8a9ef346c9af715811b01fbd8e27845ad2c41148eefd31321471b41863d"
      url: "https://pub.dev"
    source: hosted
    version: "2.4.0"
  shared_preferences_foundation:
    dependency: transitive
    description:
      name: shared_preferences_foundation
      sha256: c4b35f6cb8f63c147312c054ce7c2254c8066745125264f0c88739c417fc9d9f
      url: "https://pub.dev"
    source: hosted
    version: "2.5.2"
  shared_preferences_linux:
    dependency: transitive
    description:
      name: shared_preferences_linux
      sha256: "580abfd40f415611503cae30adf626e6656dfb2f0cee8f465ece7b6defb40f2f"
      url: "https://pub.dev"
    source: hosted
    version: "2.4.1"
  shared_preferences_platform_interface:
    dependency: transitive
    description:
      name: shared_preferences_platform_interface
      sha256: "57cbf196c486bc2cf1f02b85784932c6094376284b3ad5779d1b1c6c6a816b80"
      url: "https://pub.dev"
    source: hosted
    version: "2.4.1"
  shared_preferences_web:
    dependency: transitive
    description:
      name: shared_preferences_web
      sha256: d2ca4132d3946fec2184261726b355836a82c33d7d5b67af32692aff18a4684e
      url: "https://pub.dev"
    source: hosted
    version: "2.4.2"
  shared_preferences_windows:
    dependency: transitive
    description:
      name: shared_preferences_windows
      sha256: "94ef0f72b2d71bc3e700e025db3710911bd51a71cefb65cc609dd0d9a982e3c1"
      url: "https://pub.dev"
    source: hosted
    version: "2.4.1"
  shelf:
    dependency: transitive
    description:
      name: shelf
      sha256: ad29c505aee705f41a4d8963641f91ac4cee3c8fad5947e033390a7bd8180fa4
      url: "https://pub.dev"
    source: hosted
    version: "1.4.1"
  shelf_packages_handler:
    dependency: transitive
    description:
      name: shelf_packages_handler
      sha256: "89f967eca29607c933ba9571d838be31d67f53f6e4ee15147d5dc2934fee1b1e"
      url: "https://pub.dev"
    source: hosted
    version: "3.0.2"
  shelf_static:
    dependency: transitive
    description:
      name: shelf_static
      sha256: c87c3875f91262785dade62d135760c2c69cb217ac759485334c5857ad89f6e3
      url: "https://pub.dev"
    source: hosted
    version: "1.1.3"
  shelf_web_socket:
    dependency: transitive
    description:
      name: shelf_web_socket
      sha256: "073c147238594ecd0d193f3456a5fe91c4b0abbcc68bf5cd95b36c4e194ac611"
      url: "https://pub.dev"
    source: hosted
    version: "2.0.0"
  sky_engine:
    dependency: transitive
    description: flutter
    source: sdk
    version: "0.0.0"
  source_gen:
    dependency: transitive
    description:
      name: source_gen
      sha256: "7b19d6ba131c6eb98bfcbf8d56c1a7002eba438af2e7ae6f8398b2b0f4f381e3"
      url: "https://pub.dev"
    source: hosted
    version: "3.1.0"
  source_helper:
    dependency: transitive
    description:
      name: source_helper
      sha256: a447acb083d3a5ef17f983dd36201aeea33fedadb3228fa831f2f0c92f0f3aca
      url: "https://pub.dev"
    source: hosted
    version: "1.3.7"
  source_map_stack_trace:
    dependency: transitive
    description:
      name: source_map_stack_trace
      sha256: c0713a43e323c3302c2abe2a1cc89aa057a387101ebd280371d6a6c9fa68516b
      url: "https://pub.dev"
    source: hosted
    version: "2.1.2"
  source_maps:
    dependency: transitive
    description:
      name: source_maps
      sha256: "190222579a448b03896e0ca6eca5998fa810fda630c1d65e2f78b3f638f54812"
      url: "https://pub.dev"
    source: hosted
    version: "0.10.13"
  source_span:
    dependency: transitive
    description:
      name: source_span
      sha256: "254ee5351d6cb365c859e20ee823c3bb479bf4a293c22d17a9f1bf144ce86f7c"
      url: "https://pub.dev"
    source: hosted
    version: "1.10.1"
  sprintf:
    dependency: transitive
    description:
      name: sprintf
      sha256: "1fc9ffe69d4df602376b52949af107d8f5703b77cda567c4d7d86a0693120f23"
      url: "https://pub.dev"
    source: hosted
    version: "7.0.0"
  stack_trace:
    dependency: transitive
    description:
      name: stack_trace
      sha256: "8b27215b45d22309b5cddda1aa2b19bdfec9df0e765f2de506401c071d38d1b1"
      url: "https://pub.dev"
    source: hosted
    version: "1.12.1"
  stream_channel:
    dependency: transitive
    description:
      name: stream_channel
      sha256: "969e04c80b8bcdf826f8f16579c7b14d780458bd97f56d107d3950fdbeef059d"
      url: "https://pub.dev"
    source: hosted
    version: "2.1.4"
  stream_transform:
    dependency: transitive
    description:
      name: stream_transform
      sha256: "14a00e794c7c11aa145a170587321aedce29769c08d7f58b1d141da75e3b1c6f"
      url: "https://pub.dev"
    source: hosted
    version: "2.1.0"
  string_scanner:
    dependency: transitive
    description:
      name: string_scanner
      sha256: "921cd31725b72fe181906c6a94d987c78e3b98c2e205b397ea399d4054872b43"
      url: "https://pub.dev"
    source: hosted
    version: "1.4.1"
  term_glyph:
    dependency: transitive
    description:
      name: term_glyph
      sha256: "7f554798625ea768a7518313e58f83891c7f5024f88e46e7182a4558850a4b8e"
      url: "https://pub.dev"
    source: hosted
    version: "1.2.2"
  test:
    dependency: transitive
    description:
      name: test
      sha256: "65e29d831719be0591f7b3b1a32a3cda258ec98c58c7b25f7b84241bc31215bb"
      url: "https://pub.dev"
    source: hosted
    version: "1.26.2"
  test_api:
    dependency: transitive
    description:
      name: test_api
      sha256: "522f00f556e73044315fa4585ec3270f1808a4b186c936e612cab0b565ff1e00"
      url: "https://pub.dev"
    source: hosted
    version: "0.7.6"
  test_core:
    dependency: transitive
    description:
      name: test_core
      sha256: "80bf5a02b60af04b09e14f6fe68b921aad119493e26e490deaca5993fef1b05a"
      url: "https://pub.dev"
    source: hosted
    version: "0.6.11"
  timing:
    dependency: transitive
    description:
      name: timing
      sha256: "70a3b636575d4163c477e6de42f247a23b315ae20e86442bebe32d3cabf61c32"
      url: "https://pub.dev"
    source: hosted
    version: "1.0.1"
  tinycolor2:
    dependency: "direct main"
    description:
      name: tinycolor2
      sha256: "81850c32ac8d4dcff37299bf3e52bcad4f4db6bc73d4b06727c9922de3766390"
      url: "https://pub.dev"
    source: hosted
    version: "3.0.1"
  typed_data:
    dependency: transitive
    description:
      name: typed_data
      sha256: facc8d6582f16042dd49f2463ff1bd6e2c9ef9f3d5da3d9b087e244a7b564b3c
      url: "https://pub.dev"
    source: hosted
    version: "1.3.2"
  unicode:
    dependency: transitive
    description:
      name: unicode
      sha256: "0f69e46593d65245774d4f17125c6084d2c20b4e473a983f6e21b7d7762218f1"
      url: "https://pub.dev"
    source: hosted
    version: "0.3.1"
  universal_html:
    dependency: transitive
    description:
      name: universal_html
      sha256: "56536254004e24d9d8cfdb7dbbf09b74cf8df96729f38a2f5c238163e3d58971"
      url: "https://pub.dev"
    source: hosted
    version: "2.2.4"
  universal_io:
    dependency: transitive
    description:
      name: universal_io
      sha256: "1722b2dcc462b4b2f3ee7d188dad008b6eb4c40bbd03a3de451d82c78bba9aad"
      url: "https://pub.dev"
    source: hosted
    version: "2.2.2"
  uri:
    dependency: transitive
    description:
      name: uri
      sha256: "889eea21e953187c6099802b7b4cf5219ba8f3518f604a1033064d45b1b8268a"
      url: "https://pub.dev"
    source: hosted
    version: "1.0.0"
  url_launcher:
    dependency: transitive
    description:
      name: url_launcher
      sha256: "9d06212b1362abc2f0f0d78e6f09f726608c74e3b9462e8368bb03314aa8d603"
      url: "https://pub.dev"
    source: hosted
    version: "6.3.1"
  url_launcher_android:
    dependency: transitive
    description:
      name: url_launcher_android
      sha256: "8582d7f6fe14d2652b4c45c9b6c14c0b678c2af2d083a11b604caeba51930d79"
      url: "https://pub.dev"
    source: hosted
    version: "6.3.16"
  url_launcher_ios:
    dependency: transitive
    description:
      name: url_launcher_ios
      sha256: "7f2022359d4c099eea7df3fdf739f7d3d3b9faf3166fb1dd390775176e0b76cb"
      url: "https://pub.dev"
    source: hosted
    version: "6.3.3"
  url_launcher_linux:
    dependency: transitive
    description:
      name: url_launcher_linux
      sha256: "4e9ba368772369e3e08f231d2301b4ef72b9ff87c31192ef471b380ef29a4935"
      url: "https://pub.dev"
    source: hosted
    version: "3.2.1"
  url_launcher_macos:
    dependency: transitive
    description:
      name: url_launcher_macos
      sha256: "17ba2000b847f334f16626a574c702b196723af2a289e7a93ffcb79acff855c2"
      url: "https://pub.dev"
    source: hosted
    version: "3.2.2"
  url_launcher_platform_interface:
    dependency: transitive
    description:
      name: url_launcher_platform_interface
      sha256: "552f8a1e663569be95a8190206a38187b531910283c3e982193e4f2733f01029"
      url: "https://pub.dev"
    source: hosted
    version: "2.3.2"
  url_launcher_web:
    dependency: transitive
    description:
      name: url_launcher_web
      sha256: "4bd2b7b4dc4d4d0b94e5babfffbca8eac1a126c7f3d6ecbc1a11013faa3abba2"
      url: "https://pub.dev"
    source: hosted
    version: "2.4.1"
  url_launcher_windows:
    dependency: transitive
    description:
      name: url_launcher_windows
      sha256: "3284b6d2ac454cf34f114e1d3319866fdd1e19cdc329999057e44ffe936cfa77"
      url: "https://pub.dev"
    source: hosted
    version: "3.1.4"
  uuid:
    dependency: transitive
    description:
      name: uuid
      sha256: a5be9ef6618a7ac1e964353ef476418026db906c4facdedaa299b7a2e71690ff
      url: "https://pub.dev"
    source: hosted
    version: "4.5.1"
  vector_graphics:
    dependency: transitive
    description:
      name: vector_graphics
      sha256: "27d5fefe86fb9aace4a9f8375b56b3c292b64d8c04510df230f849850d912cb7"
      url: "https://pub.dev"
    source: hosted
    version: "1.1.15"
  vector_graphics_codec:
    dependency: transitive
    description:
      name: vector_graphics_codec
      sha256: c86987475f162fadff579e7320c7ddda04cd2fdeffbe1129227a85d9ac9e03da
      url: "https://pub.dev"
    source: hosted
    version: "1.1.11+1"
  vector_graphics_compiler:
    dependency: transitive
    description:
      name: vector_graphics_compiler
      sha256: "1b4b9e706a10294258727674a340ae0d6e64a7231980f9f9a3d12e4b42407aad"
      url: "https://pub.dev"
    source: hosted
    version: "1.1.16"
  vector_math:
    dependency: transitive
    description:
      name: vector_math
      sha256: d530bd74fea330e6e364cda7a85019c434070188383e1cd8d9777ee586914c5b
      url: "https://pub.dev"
    source: hosted
    version: "2.2.0"
  vm_service:
    dependency: transitive
    description:
      name: vm_service
      sha256: ddfa8d30d89985b96407efce8acbdd124701f96741f2d981ca860662f1c0dc02
      url: "https://pub.dev"
    source: hosted
    version: "15.0.0"
  watcher:
    dependency: transitive
    description:
      name: watcher
      sha256: "0b7fd4a0bbc4b92641dbf20adfd7e3fd1398fe17102d94b674234563e110088a"
      url: "https://pub.dev"
    source: hosted
    version: "1.1.2"
  web:
    dependency: transitive
    description:
      name: web
      sha256: cd3543bd5798f6ad290ea73d210f423502e71900302dde696f8bff84bf89a1cb
      url: "https://pub.dev"
    source: hosted
    version: "1.1.0"
  web_socket:
    dependency: transitive
    description:
      name: web_socket
      sha256: "3c12d96c0c9a4eec095246debcea7b86c0324f22df69893d538fcc6f1b8cce83"
      url: "https://pub.dev"
    source: hosted
    version: "0.1.6"
  web_socket_channel:
    dependency: transitive
    description:
      name: web_socket_channel
      sha256: "9f187088ed104edd8662ca07af4b124465893caf063ba29758f97af57e61da8f"
      url: "https://pub.dev"
    source: hosted
    version: "3.0.1"
  webkit_inspection_protocol:
    dependency: transitive
    description:
      name: webkit_inspection_protocol
      sha256: "87d3f2333bb240704cd3f1c6b5b7acd8a10e7f0bc28c28dcf14e782014f4a572"
      url: "https://pub.dev"
    source: hosted
    version: "1.2.1"
  win32:
    dependency: transitive
    description:
      name: win32
      sha256: "68d1e89a91ed61ad9c370f9f8b6effed9ae5e0ede22a270bdfa6daf79fc2290a"
      url: "https://pub.dev"
    source: hosted
    version: "5.5.4"
  window_to_front:
    dependency: transitive
    description:
      name: window_to_front
      sha256: "7aef379752b7190c10479e12b5fd7c0b9d92adc96817d9e96c59937929512aee"
      url: "https://pub.dev"
    source: hosted
    version: "0.0.3"
  wkt_parser:
    dependency: transitive
    description:
      name: wkt_parser
      sha256: "8a555fc60de3116c00aad67891bcab20f81a958e4219cc106e3c037aa3937f13"
      url: "https://pub.dev"
    source: hosted
    version: "2.0.0"
  x509_plus:
    dependency: transitive
    description:
      name: x509_plus
      sha256: f9f5caade6077c9a605125428d0bf79c002afa35a475d400849adb1a25ebeee6
      url: "https://pub.dev"
    source: hosted
    version: "0.3.3"
  xdg_directories:
    dependency: transitive
    description:
      name: xdg_directories
      sha256: faea9dee56b520b55a566385b84f2e8de55e7496104adada9962e0bd11bcff1d
      url: "https://pub.dev"
    source: hosted
    version: "1.0.4"
  xml:
    dependency: transitive
    description:
      name: xml
      sha256: b015a8ad1c488f66851d762d3090a21c600e479dc75e68328c52774040cf9226
      url: "https://pub.dev"
    source: hosted
    version: "6.5.0"
  xxh3:
    dependency: transitive
    description:
      name: xxh3
      sha256: "399a0438f5d426785723c99da6b16e136f4953fb1e9db0bf270bd41dd4619916"
      url: "https://pub.dev"
    source: hosted
    version: "1.2.0"
  yaml:
    dependency: transitive
    description:
      name: yaml
      sha256: b9da305ac7c39faa3f030eccd175340f968459dae4af175130b3fc47e40d76ce
      url: "https://pub.dev"
    source: hosted
    version: "3.1.3"
  yaml_writer:
    dependency: transitive
    description:
      name: yaml_writer
      sha256: f182931a598f9a3fd29ff528f0caab98fffa713583e30c12c7a27ce0b66c1308
      url: "https://pub.dev"
    source: hosted
    version: "2.0.0"
sdks:
  dart: ">=3.8.0 <4.0.0"
  flutter: ">=3.32.0"
